<?xml version="1.0" encoding="UTF-8"?>
<Scheme
   version = "1.3">
   <BuildAction>
      <BuildActionEntries>
         <BuildActionEntry
            buildForRunning = "YES">
            <BuildableReference
               BuildableIdentifier = "primary"
               BlueprintIdentifier = "2A098CF921C0E5D200A726B6"
               BuildableName = "&#22810;&#20803;&#22810;&#39033;&#24335;&#21152;&#27861;"
               BlueprintName = "&#22810;&#20803;&#22810;&#39033;&#24335;&#21152;&#27861;"
               ReferencedContainer = "container:&#22810;&#20803;&#22810;&#39033;&#24335;&#21152;&#27861;.xcodeproj">
            </BuildableReference>
         </BuildActionEntry>
      </BuildActionEntries>
   </BuildAction>
   <LaunchAction
      useCustomWorkingDirectory = "NO"
      buildConfiguration = "Debug"
      allowLocationSimulation = "YES">
      <BuildableProductRunnable>
         <BuildableReference
            BuildableIdentifier = "primary"
            BlueprintIdentifier = "2A098CF921C0E5D200A726B6"
            BuildableName = "&#22810;&#20803;&#22810;&#39033;&#24335;&#21152;&#27861;"
            BlueprintName = "&#22810;&#20803;&#22810;&#39033;&#24335;&#21152;&#27861;"
            ReferencedContainer = "container:&#22810;&#20803;&#22810;&#39033;&#24335;&#21152;&#27861;.xcodeproj">
         </BuildableReference>
      </BuildableProductRunnable>
   </LaunchAction>
</Scheme>
